lockfileVersion: '9.0'

settings:
  autoInstallPeers: true
  excludeLinksFromLockfile: false

importers:

  .:
    dependencies:
      '@actions/core':
        specifier: ^3.0.0
        version: 3.0.0
      '@actions/exec':
        specifier: ^3.0.0
        version: 3.0.0
      '@actions/github':
        specifier: ^9.0.0
        version: 9.0.0
      undici:
        specifier: ^7.28.0
        version: 7.28.0
    devDependencies:
      '@types/node':
        specifier: ^25.2.0
        version: 25.2.0
      '@vercel/ncc':
        specifier: ^0.38.4
        version: 0.38.4
      concurrently:
        specifier: ^9.2.3
        version: 9.2.3
      oxfmt:
        specifier: ^0.67.0
        version: 0.67.0
      oxlint:
        specifier: ^1.82.0
        version: 1.82.0
      typescript:
        specifier: ^5.9.3
        version: 5.9.3

packages:

  '@actions/core@3.0.0':
    resolution: {integrity: sha512-zYt6cz+ivnTmiT/ksRVriMBOiuoUpDCJJlZ5KPl2/FRdvwU3f7MPh9qftvbkXJThragzUZieit2nyHUyw53Seg==}

  '@actions/exec@3.0.0':
    resolution: {integrity: sha512-6xH/puSoNBXb72VPlZVm7vQ+svQpFyA96qdDBvhB8eNZOE8LtPf9L4oAsfzK/crCL8YZ+19fKYVnM63Sl+Xzlw==}

  '@actions/github@9.0.0':
    resolution: {integrity: sha512-yJ0RoswsAaKcvkmpCE4XxBRiy/whH2SdTBHWzs0gi4wkqTDhXMChjSdqBz/F4AeiDlP28rQqL33iHb+kjAMX6w==}

  '@actions/http-client@3.0.2':
    resolution: {integrity: sha512-JP38FYYpyqvUsz+Igqlc/JG6YO9PaKuvqjM3iGvaLqFnJ7TFmcLyy2IDrY0bI0qCQug8E9K+elv5ZNfw62ZJzA==}

  '@actions/http-client@4.0.0':
    resolution: {integrity: sha512-QuwPsgVMsD6qaPD57GLZi9sqzAZCtiJT8kVBCDpLtxhL5MydQ4gS+DrejtZZPdIYyB1e95uCK9Luyds7ybHI3g==}

  '@actions/io@3.0.2':
    resolution: {integrity: sha512-nRBchcMM+QK1pdjO7/idu86rbJI5YHUKCvKs0KxnSYbVe3F51UfGxuZX4Qy/fWlp6l7gWFwIkrOzN+oUK03kfw==}

  '@octokit/auth-token@6.0.0':
    resolution: {integrity: sha512-P4YJBPdPSpWTQ1NU4XYdvHvXJJDxM6YwpS0FZHRgP7YFkdVxsWcpWGy/NVqlAA7PcPCnMacXlRm1y2PFZRWL/w==}
    engines: {node: '>= 20'}

  '@octokit/core@7.0.6':
    resolution: {integrity: sha512-DhGl4xMVFGVIyMwswXeyzdL4uXD5OGILGX5N8Y+f6W7LhC1Ze2poSNrkF/fedpVDHEEZ+PHFW0vL14I+mm8K3Q==}
    engines: {node: '>= 20'}

  '@octokit/endpoint@11.0.2':
    resolution: {integrity: sha512-4zCpzP1fWc7QlqunZ5bSEjxc6yLAlRTnDwKtgXfcI/FxxGoqedDG8V2+xJ60bV2kODqcGB+nATdtap/XYq2NZQ==}
    engines: {node: '>= 20'}

  '@octokit/graphql@9.0.3':
    resolution: {integrity: sha512-grAEuupr/C1rALFnXTv6ZQhFuL1D8G5y8CN04RgrO4FIPMrtm+mcZzFG7dcBm+nq+1ppNixu+Jd78aeJOYxlGA==}
    engines: {node: '>= 20'}

  '@octokit/openapi-types@27.0.0':
    resolution: {integrity: sha512-whrdktVs1h6gtR+09+QsNk2+FO+49j6ga1c55YZudfEG+oKJVvJLQi3zkOm5JjiUXAagWK2tI2kTGKJ2Ys7MGA==}

  '@octokit/plugin-paginate-rest@14.0.0':
    resolution: {integrity: sha512-fNVRE7ufJiAA3XUrha2omTA39M6IXIc6GIZLvlbsm8QOQCYvpq/LkMNGyFlB1d8hTDzsAXa3OKtybdMAYsV/fw==}
    engines: {node: '>= 20'}
    peerDependencies:
      '@octokit/core': '>=6'

  '@octokit/plugin-rest-endpoint-methods@17.0.0':
    resolution: {integrity: sha512-B5yCyIlOJFPqUUeiD0cnBJwWJO8lkJs5d8+ze9QDP6SvfiXSz1BF+91+0MeI1d2yxgOhU/O+CvtiZ9jSkHhFAw==}
    engines: {node: '>= 20'}
    peerDependencies:
      '@octokit/core': '>=6'

  '@octokit/request-error@7.1.0':
    resolution: {integrity: sha512-KMQIfq5sOPpkQYajXHwnhjCC0slzCNScLHs9JafXc4RAJI+9f+jNDlBNaIMTvazOPLgb4BnlhGJOTbnN0wIjPw==}
    engines: {node: '>= 20'}

  '@octokit/request@10.0.7':
    resolution: {integrity: sha512-v93h0i1yu4idj8qFPZwjehoJx4j3Ntn+JhXsdJrG9pYaX6j/XRz2RmasMUHtNgQD39nrv/VwTWSqK0RNXR8upA==}
    engines: {node: '>= 20'}

  '@octokit/types@16.0.0':
    resolution: {integrity: sha512-sKq+9r1Mm4efXW1FCk7hFSeJo4QKreL/tTbR0rz/qx/r1Oa2VV83LTA/H/MuCOX7uCIJmQVRKBcbmWoySjAnSg==}

  '@oxfmt/binding-android-arm-eabi@0.67.0':
    resolution: {integrity: sha512-2olh3ioEmc4gRzQm7jxyB1b/PFBoFvTq8KdgYySeNpysDtA6DEg2Mvya4/I6flhL7G0eOrE8RD7JCNCIMhE16Q==}
    engines: {node: ^20.19.0 || >=22.12.0}
    cpu: [arm]
    os: [android]

  '@oxfmt/binding-android-arm64@0.67.0':
    resolution: {integrity: sha512-ulfw8EHN1MBq/MFFDXw2/M1VAFu5mRUcnuZ8Hqbv9viAnFzO9t1jKSAsDqKYYDGMlytF/uj6Z5z5n/tHupnKhw==}
    engines: {node: ^20.19.0 || >=22.12.0}
    cpu: [arm64]
    os: [android]

  '@oxfmt/binding-darwin-arm64@0.67.0':
    resolution: {integrity: sha512-MfONZx/O2o9M5v2jDFol556G9+A+P9xCuJ4DZ+qhE+RnaCdoscy6Eu5nq1dbuNxhwdJyZ6kLI7fnG9mwEeOeGg==}
    engines: {node: ^20.19.0 || >=22.12.0}
    cpu: [arm64]
    os: [darwin]

  '@oxfmt/binding-darwin-x64@0.67.0':
    resolution: {integrity: sha512-CYnIx5LvFVJnyJcCqwH2jxMKjFjqo5678MPjdmNFoSGMhlOvZ/xRZqvhDcolKrXc8fezW3AKh+C4wyoFuWOSSg==}
    engines: {node: ^20.19.0 || >=22.12.0}
    cpu: [x64]
    os: [darwin]

  '@oxfmt/binding-freebsd-x64@0.67.0':
    resolution: {integrity: sha512-7/iF1orvIS9mxhKUqnmtMgm+OrSQ5acPwuvdQrm6ECgqbwPmC+Pw9cdke3sNfVN6pT2hbJ58+jP8BCThl5HXOg==}
    engines: {node: ^20.19.0 || >=22.12.0}
    cpu: [x64]
    os: [freebsd]

  '@oxfmt/binding-linux-arm-gnueabihf@0.67.0':
    resolution: {integrity: sha512-yy+OGys07IZOpOmYPZoObKyUQLkfxeQqeCypk+1jaZd8HGo77hzvU1Jg8X3+W75o+9lszOjBfg0nkGtlwYywXw==}
    engines: {node: ^20.19.0 || >=22.12.0}
    cpu: [arm]
    os: [linux]

  '@oxfmt/binding-linux-arm-musleabihf@0.67.0':
    resolution: {integrity: sha512-wPIeeigXgJpwNw3wydYRt3U9iN9Y/ejpOZuYL9IA7igxWs7LIQMOkhKxTumRvy6dIv0iXKk3RTw3Vmjg0i+2sg==}
    engines: {node: ^20.19.0 || >=22.12.0}
    cpu: [arm]
    os: [linux]

  '@oxfmt/binding-linux-arm64-gnu@0.67.0':
    resolution: {integrity: sha512-0+XNxcdbkTfxdcD4qW6Ci9n+mBNJ8xTBumnxKvKBmRFOdx0Wf8/KiHjCJayooXmYkqRpRVd98Q5egvzx5BLSgQ==}
    engines: {node: ^20.19.0 || >=22.12.0}
    cpu: [arm64]
    os: [linux]

  '@oxfmt/binding-linux-arm64-musl@0.67.0':
    resolution: {integrity: sha512-I75LKPJyNOYUzkqAiAMIE31+Ye7xtQXZdoty1IXn4B+bw5Zpmez5wfG19ejGpNnS/BzQ7LFS+7jxuTPb+vHiZw==}
    engines: {node: ^20.19.0 || >=22.12.0}
    cpu: [arm64]
    os: [linux]

  '@oxfmt/binding-linux-ppc64-gnu@0.67.0':
    resolution: {integrity: sha512-c2M5iRpe1QMZSRE/UvZoPdXBWb5Ic/ycvOyNiKCqPwQ/OyOKIMiJs02ynlNnjb7ZZJnRXYLmGcohoINOcwDK3w==}
    engines: {node: ^20.19.0 || >=22.12.0}
    cpu: [ppc64]
    os: [linux]

  '@oxfmt/binding-linux-riscv64-gnu@0.67.0':
    resolution: {integrity: sha512-dQzzYlV24Udhfm5ECuSdgqRvFJU/CGHzcYYEO3dLM6W6+CHiBFrq9OjIllkdCcPhsoSQ8o223Dja84MOSzed9A==}
    engines: {node: ^20.19.0 || >=22.12.0}
    cpu: [riscv64]
    os: [linux]

  '@oxfmt/binding-linux-riscv64-musl@0.67.0':
    resolution: {integrity: sha512-rFNq1CgX4qMJANOq42LkAs90JE80GpiaEohAV2qn/gT2hGjQTW1zBO5zQBxArI4926pM1OSzo3CN0tBszGBIaA==}
    engines: {node: ^20.19.0 || >=22.12.0}
    cpu: [riscv64]
    os: [linux]

  '@oxfmt/binding-linux-s390x-gnu@0.67.0':
    resolution: {integrity: sha512-Sky6rEdz2o5IGq01lPhS12yEvDdChVEcaYrcLHkveh4Fx0qPjljE/Iul6SX/bRMl6lNc8J7J/mDQdzgBdA++Pg==}
    engines: {node: ^20.19.0 || >=22.12.0}
    cpu: [s390x]
    os: [linux]

  '@oxfmt/binding-linux-x64-gnu@0.67.0':
    resolution: {integrity: sha512-vPXmlNORV8AZq2Ocxh07pxwMjfENUWCV/eZArnao0qC3NO/hDeTVkQvee7SJJUbIiF5PZbBa4kYmaXnu7Rk58w==}
    engines: {node: ^20.19.0 || >=22.12.0}
    cpu: [x64]
    os: [linux]

  '@oxfmt/binding-linux-x64-musl@0.67.0':
    resolution: {integrity: sha512-x/WAtFqYtVr3vZ9ni8nr4kn9whSitg8fOljq/pZzBpxopRdY1BMLZCZkrbIbaBcYkm46qGbqVea2FCWmtQ2P9w==}
    engines: {node: ^20.19.0 || >=22.12.0}
    cpu: [x64]
    os: [linux]

  '@oxfmt/binding-openharmony-arm64@0.67.0':
    resolution: {integrity: sha512-eRw9Neh4/aA6i+q/R3WU1gGQINhVM0J4fXIm6t27caOamkr/37uAkp1IdBx4zlJH97hmXR63z/q9n5c5dN7MzA==}
    engines: {node: ^20.19.0 || >=22.12.0}
    cpu: [arm64]
    os: [openharmony]

  '@oxfmt/binding-win32-arm64-msvc@0.67.0':
    resolution: {integrity: sha512-YIMvb+sGNYN2uc6+QK2HLPeEKM2vl7QZ5onQzpAJRb6pnf0DwUFP5R8tdS9R0l8hdUil2gu4Uxd0Yxrop0iT4w==}
    engines: {node: ^20.19.0 || >=22.12.0}
    cpu: [arm64]
    os: [win32]

  '@oxfmt/binding-win32-ia32-msvc@0.67.0':
    resolution: {integrity: sha512-LzmU9MyACPzwNDIK0ItMedHPz735Ug7ELWguxo4/kuy6zWuDoeglOAEFCY8jLg0PzRpFO3hDyLFe2Gu2eFDeGA==}
    engines: {node: ^20.19.0 || >=22.12.0}
    cpu: [ia32]
    os: [win32]

  '@oxfmt/binding-win32-x64-msvc@0.67.0':
    resolution: {integrity: sha512-sbQOIDNLUEeVZcAJcSL5VURn7kfjvilPviody4Yl5n8lQCDtUm+C9oHTTwZS/m4d/Z6Vv3jNEiAofH932NPPCg==}
    engines: {node: ^20.19.0 || >=22.12.0}
    cpu: [x64]
    os: [win32]

  '@oxlint/binding-android-arm-eabi@1.82.0':
    resolution: {integrity: sha512-a3LB+C5Dsj5b/qtmG/mv5WrzuiXEpg1KF5nXWcEvaoN5TYAqkIvxPOwTPp3Jy/FoGpRo8zsTFhMElMXfeoOEzA==}
    engines: {node: ^20.19.0 || >=22.12.0}
    cpu: [arm]
    os: [android]

  '@oxlint/binding-android-arm64@1.82.0':
    resolution: {integrity: sha512-OBlhRgNqFblGpGenno/aqOfJLOkQ2B8Ig3iDAalfn0H8hJGZKXPeexCRTDm6uwv6YUjSA9Xnwt1y/Bgj5ZH8uw==}
    engines: {node: ^20.19.0 || >=22.12.0}
    cpu: [arm64]
    os: [android]

  '@oxlint/binding-darwin-arm64@1.82.0':
    resolution: {integrity: sha512-dsopxqtY5ZdyT9uLHyGt1SyiLop6hi7hWI3PKpePodkRQOkLaCm+OE4fR9CAz9qdfjiFO8531tX/QDyP/psjFg==}
    engines: {node: ^20.19.0 || >=22.12.0}
    cpu: [arm64]
    os: [darwin]

  '@oxlint/binding-darwin-x64@1.82.0':
    resolution: {integrity: sha512-94Lu0SgTClKColU66g1VDuigV3HkcbkJBnTtZjGYfE8UPugaWDgKrm2icjC6HJVUYler2OXaHP/X0TBy8+CowQ==}
    engines: {node: ^20.19.0 || >=22.12.0}
    cpu: [x64]
    os: [darwin]

  '@oxlint/binding-freebsd-x64@1.82.0':
    resolution: {integrity: sha512-hne/V06ewhh1i0w8+l7GDNROAGCGPmyFuOwiP7YTRu0JycyStJ4785dmF8xU5p0uUwt2emvIF9vc7Xjis+cJ0g==}
    engines: {node: ^20.19.0 || >=22.12.0}
    cpu: [x64]
    os: [freebsd]

  '@oxlint/binding-linux-arm-gnueabihf@1.82.0':
    resolution: {integrity: sha512-aWY2xtbZf1LneW9Qsv/n2Sp8gOu74JrlQzEtj4coHX2SHFrCfhmAumaU+sI/A5nr+yoTRTSmI/pL2s6ADlNSkw==}
    engines: {node: ^20.19.0 || >=22.12.0}
    cpu: [arm]
    os: [linux]

  '@oxlint/binding-linux-arm-musleabihf@1.82.0':
    resolution: {integrity: sha512-Fe+TtXCXMh/5f7kWlZ2VAwsMumZWtraFlKVk1NJlL52/beGwfDE7ov+/8gVirHzWokzGu7X65hSPq0ucPDskWQ==}
    engines: {node: ^20.19.0 || >=22.12.0}
    cpu: [arm]
    os: [linux]

  '@oxlint/binding-linux-arm64-gnu@1.82.0':
    resolution: {integrity: sha512-6azCZ6OJudlvipNttXCCQcyeFfcJ/NvUZdSN1z8elo73kCHtyQC7WTiUcSjWYvJ1jaq9KDUyMAoAS/vNzhBomA==}
    engines: {node: ^20.19.0 || >=22.12.0}
    cpu: [arm64]
    os: [linux]

  '@oxlint/binding-linux-arm64-musl@1.82.0':
    resolution: {integrity: sha512-PLEaSD8IAIIlwW4dwOd9YaxuxeOpwiXL4J24rcnE4iNtyM5j9Q9/3+gti08oXpx0u2ygNjRDx9xjWWpQonuJEw==}
    engines: {node: ^20.19.0 || >=22.12.0}
    cpu: [arm64]
    os: [linux]

  '@oxlint/binding-linux-ppc64-gnu@1.82.0':
    resolution: {integrity: sha512-D94em/BwknNTn4vqxjHh5wb2oL566eFhArabqKIr0cNZMHOJuiraFp1A8tXpH05bbE5tqwEfLXTI0MWEGtn3Dw==}
    engines: {node: ^20.19.0 || >=22.12.0}
    cpu: [ppc64]
    os: [linux]

  '@oxlint/binding-linux-riscv64-gnu@1.82.0':
    resolution: {integrity: sha512-MOprxBaoYU2D4VgxXCl3ghydThWtx7Um1lL51kGYNeQ5Al7WzsH7/tqGdNtbLrIWnjq3bsm13+nz/gRIxjrOXw==}
    engines: {node: ^20.19.0 || >=22.12.0}
    cpu: [riscv64]
    os: [linux]

  '@oxlint/binding-linux-riscv64-musl@1.82.0':
    resolution: {integrity: sha512-5h55QsfJ/luDXZzC20k6SNOY1Az+dCP9WvntKtcUWh2JhckAdwApY2ZusaBTwLENnReXU+A2fJtSrYvZJNKNPg==}
    engines: {node: ^20.19.0 || >=22.12.0}
    cpu: [riscv64]
    os: [linux]

  '@oxlint/binding-linux-s390x-gnu@1.82.0':
    resolution: {integrity: sha512-IE8NJNLlHr0CaXyGJPGVn0eTkUyoj1I2UfA8x7I4PSOYKsQ/6btVC7Pywrj5onk0cMH25r6Z38SoN3AvE5Zuog==}
    engines: {node: ^20.19.0 || >=22.12.0}
    cpu: [s390x]
    os: [linux]

  '@oxlint/binding-linux-x64-gnu@1.82.0':
    resolution: {integrity: sha512-XUUUxaBo9XKl+J1B9EmP1cTGQPddzeURvoGkfwh/94PGnbW+hBprDljneoI2M1jzC1bzrIV3ihc7iM9UXl8+tg==}
    engines: {node: ^20.19.0 || >=22.12.0}
    cpu: [x64]
    os: [linux]

  '@oxlint/binding-linux-x64-musl@1.82.0':
    resolution: {integrity: sha512-SWLSFulX9TDuH6yvbPYp4+VNn6jkkIvvI+KiujDM5rWBRHEfkesCC/pCneIIUr6ovkxZ5fRtpi2v5Cz5FrMJZg==}
    engines: {node: ^20.19.0 || >=22.12.0}
    cpu: [x64]
    os: [linux]

  '@oxlint/binding-openharmony-arm64@1.82.0':
    resolution: {integrity: sha512-BQy35f6ZUdNr9a6c7B7orxQTcLjByGT2z3WAgmRovpRwmPYAaJ+NTplmMzhdjdJ4qSchfMNZy/Ukg+qRg6zseQ==}
    engines: {node: ^20.19.0 || >=22.12.0}
    cpu: [arm64]
    os: [openharmony]

  '@oxlint/binding-win32-arm64-msvc@1.82.0':
    resolution: {integrity: sha512-V4QhSTg5gctZue8RJjsGi7NpQPThr/p1/HfmiMC5kfe1KFEup9SQRVub4A6kijQjdHfxj7bLL1KO3QO7/5bwMQ==}
    engines: {node: ^20.19.0 || >=22.12.0}
    cpu: [arm64]
    os: [win32]

  '@oxlint/binding-win32-ia32-msvc@1.82.0':
    resolution: {integrity: sha512-TUSCLaKB2yktpFAJ/r3HAUYsaV/3DT7JS4iNKyoh3a9YNwD0UG7Ezh4D8m23654vQcU6P/RQrCAjRPKe4peP/A==}
    engines: {node: ^20.19.0 || >=22.12.0}
    cpu: [ia32]
    os: [win32]

  '@oxlint/binding-win32-x64-msvc@1.82.0':
    resolution: {integrity: sha512-VTVoRIWJTb+wvUX8EYoPArfFH02whuR10goFXE/LHRRX33ajRrFgqbcONXZMiF4C5rnattfkm87HqYn8jb8hmQ==}
    engines: {node: ^20.19.0 || >=22.12.0}
    cpu: [x64]
    os: [win32]

  '@types/node@25.2.0':
    resolution: {integrity: sha512-DZ8VwRFUNzuqJ5khrvwMXHmvPe+zGayJhr2CDNiKB1WBE1ST8Djl00D0IC4vvNmHMdj6DlbYRIaFE7WHjlDl5w==}

  '@vercel/ncc@0.38.4':
    resolution: {integrity: sha512-8LwjnlP39s08C08J5NstzriPvW1SP8Zfpp1BvC2sI35kPeZnHfxVkCwu4/+Wodgnd60UtT1n8K8zw+Mp7J9JmQ==}
    hasBin: true

  ansi-regex@5.0.1:
    resolution: {integrity: sha512-quJQXlTSUGL2LH9SUXo8VwsY4soanhgo6LNSm84E1LBcE8s3O0wpdiRzyR9z/ZZJMlMWv37qOOb9pdJlMUEKFQ==}
    engines: {node: '>=8'}

  ansi-styles@4.3.0:
    resolution: {integrity: sha512-zbB9rCJAT1rbjiVDb2hqKFHNYLxgtk8NURxZ3IZwD3F6NtxbXZQCnnSi1Lkx+IDohdPlFp222wVALIheZJQSEg==}
    engines: {node: '>=8'}

  before-after-hook@4.0.0:
    resolution: {integrity: sha512-q6tR3RPqIB1pMiTRMFcZwuG5T8vwp+vUvEG0vuI6B+Rikh5BfPp2fQ82c925FOs+b0lcFQ8CFrL+KbilfZFhOQ==}

  chalk@4.1.2:
    resolution: {integrity: sha512-oKnbhFyRIXpUuez8iBMmyEa4nbj4IOQyuhc/wy9kY7/WVPcwIO9VA668Pu8RkO7+0G76SLROeyw9CpQ061i4mA==}
    engines: {node: '>=10'}

  cliui@8.0.1:
    resolution: {integrity: sha512-BSeNnyus75C4//NQ9gQt1/csTXyo/8Sb+afLAkzAptFuMsod9HFokGNudZpi/oQV73hnVK+sR+5PVRMd+Dr7YQ==}
    engines: {node: '>=12'}

  color-convert@2.0.1:
    resolution: {integrity: sha512-RRECPsj7iu/xb5oKYcsFHSppFNnsj/52OVTRKb4zP5onXwVF3zVmmToNcOfGC+CRDpfK/U584fMg38ZHCaElKQ==}
    engines: {node: '>=7.0.0'}

  color-name@1.1.4:
    resolution: {integrity: sha512-dOy+3AuW3a2wNbZHIuMZpTcgjGuLU/uBL/ubcZF9OXbDo8ff4O8yVp5Bf0efS8uEoYo5q4Fx7dY9OgQGXgAsQA==}

  concurrently@9.2.3:
    resolution: {integrity: sha512-ihjs0E2SxvDgq/MK418hX6YycQgKhsqxpbZuZbHo0yKfqDWdymWMjWYIpCIzqDDLLKClHlXev8whW/8WXmJ0BA==}
    engines: {node: '>=18'}
    hasBin: true

  emoji-regex@8.0.0:
    resolution: {integrity: sha512-MSjYzcWNOA0ewAHpz0MxpYFvwg6yjy1NG3xteoqz644VCo/RPgnr1/GGt+ic3iJTzQ8Eu3TdM14SawnVUmGE6A==}

  escalade@3.2.0:
    resolution: {integrity: sha512-WUj2qlxaQtO4g6Pq5c29GTcWGDyd8itL8zTlipgECz3JesAiiOKotd8JU6otB3PACgG6xkJUyVhboMS+bje/jA==}
    engines: {node: '>=6'}

  fast-content-type-parse@3.0.0:
    resolution: {integrity: sha512-ZvLdcY8P+N8mGQJahJV5G4U88CSvT1rP8ApL6uETe88MBXrBHAkZlSEySdUlyztF7ccb+Znos3TFqaepHxdhBg==}

  get-caller-file@2.0.5:
    resolution: {integrity: sha512-DyFP3BM/3YHTQOCUL/w0OZHR0lpKeGrxotcHWcqNEdnltqFwXVfhEBQ94eIo34AfQpo0rGki4cyIiftY06h2Fg==}
    engines: {node: 6.* || 8.* || >= 10.*}

  has-flag@4.0.0:
    resolution: {integrity: sha512-EykJT/Q1KjTWctppgIAgfSO0tKVuZUjhgMr17kqTumMl6Afv3EISleU7qZUzoXDFTAHTDC4NOoG/ZxU3EvlMPQ==}
    engines: {node: '>=8'}

  is-fullwidth-code-point@3.0.0:
    resolution: {integrity: sha512-zymm5+u+sCsSWyD9qNaejV3DFvhCKclKdizYaJUuHA83RLjb7nSuGnddCHGv0hk+KY7BMAlsWeK4Ueg6EV6XQg==}
    engines: {node: '>=8'}

  oxfmt@0.67.0:
    resolution: {integrity: sha512-vV7sSiPsaO0mSxdoUdayipVDFPzW/UQ+hrezEHa20+Tx1dnMdZLSRHMT0PdS67FFbhd74M1n08asW21aLGeCrA==}
    engines: {node: ^20.19.0 || >=22.12.0}
    hasBin: true
    peerDependencies:
      svelte: ^5.0.0
      vite-plus: '*'
    peerDependenciesMeta:
      svelte:
        optional: true
      vite-plus:
        optional: true

  oxlint@1.82.0:
    resolution: {integrity: sha512-+iFM1BGw1ntYJt3QngbJmjbrGxPaKMUADOXOijpWGnYcBPq8YZnQftSS1C+pVcDYy9YxqDVJKQqQkTazTQMboQ==}
    engines: {node: ^20.19.0 || >=22.12.0}
    hasBin: true
    peerDependencies:
      oxlint-tsgolint: '>=7.0.2001'
      vite-plus: '*'
    peerDependenciesMeta:
      oxlint-tsgolint:
        optional: true
      vite-plus:
        optional: true

  require-directory@2.1.1:
    resolution: {integrity: sha512-fGxEI7+wsG9xrvdjsrlmL22OMTTiHRwAMroiEeMgq8gzoLC/PQr7RsRDSTLUg/bZAZtF+TVIkHc6/4RIKrui+Q==}
    engines: {node: '>=0.10.0'}

  rxjs@7.8.2:
    resolution: {integrity: sha512-dhKf903U/PQZY6boNNtAGdWbG85WAbjT/1xYoZIC7FAY0yWapOBQVsVrDl58W86//e1VpMNBtRV4MaXfdMySFA==}

  shell-quote@1.8.4:
    resolution: {integrity: sha512-VsC6n6vz1ihYYyZZwX7YZSF5l5x36ca17OC+a69h94YqB7X6XLwf+5MOgynYir2SLFUbl8gIYvBo8K8RoNQ6bQ==}
    engines: {node: '>= 0.4'}

  string-width@4.2.3:
    resolution: {integrity: sha512-wKyQRQpjJ0sIp62ErSZdGsjMJWsap5oRNihHhu6G7JVO/9jIB6UyevL+tXuOqrng8j/cxKTWyWUwvSTriiZz/g==}
    engines: {node: '>=8'}

  strip-ansi@6.0.1:
    resolution: {integrity: sha512-Y38VPSHcqkFrCpFnQ9vuSXmquuv5oXOKpGeT6aGrr3o3Gc9AlVa6JBfUSOCnbxGGZF+/0ooI7KrPuUSztUdU5A==}
    engines: {node: '>=8'}

  supports-color@7.2.0:
    resolution: {integrity: sha512-qpCAvRl9stuOHveKsn7HncJRvv501qIacKzQlO/+Lwxc9+0q2wLyv4Dfvt80/DPn2pqOBsJdDiogXGR9+OvwRw==}
    engines: {node: '>=8'}

  supports-color@8.1.1:
    resolution: {integrity: sha512-MpUEN2OodtUzxvKQl72cUF7RQ5EiHsGvSsVG0ia9c5RbWGL2CI4C7EpPS8UTBIplnlzZiNuV56w+FuNxy3ty2Q==}
    engines: {node: '>=10'}

  tinypool@2.1.2:
    resolution: {integrity: sha512-9YodfrxS9g9IbFr/KOjE5bAeJ0p61n3bW6mqvy0jtoeKd1kTW1Cxm0oulm6KX2lyM9Gl6WIe8nEbY7LWv5ZJww==}
    engines: {node: ^20.0.0 || >=22.0.0}

  tree-kill@1.2.2:
    resolution: {integrity: sha512-L0Orpi8qGpRG//Nd+H90vFB+3iHnue1zSSGmNOOCh1GLJ7rUKVwV2HvijphGQS2UmhUZewS9VgvxYIdgr+fG1A==}
    hasBin: true

  tslib@2.8.1:
    resolution: {integrity: sha512-oJFu94HQb+KVduSUQL7wnpmqnfmLsOA/nAh6b6EH0wCEoK0/mPeXU6c3wKDV83MkOuHPRHtSXKKU99IBazS/2w==}

  tunnel@0.0.6:
    resolution: {integrity: sha512-1h/Lnq9yajKY2PEbBadPXj3VxsDDu844OnaAo52UVmIzIvwwtBPIuNvkjuzBlTWpfJyUbG3ez0KSBibQkj4ojg==}
    engines: {node: '>=0.6.11 <=0.7.0 || >=0.7.3'}

  typescript@5.9.3:
    resolution: {integrity: sha512-jl1vZzPDinLr9eUt3J/t7V6FgNEw9QjvBPdysz9KfQDD41fQrC2Y4vKQdiaUpFT4bXlb1RHhLpp8wtm6M5TgSw==}
    engines: {node: '>=14.17'}
    hasBin: true

  undici-types@7.16.0:
    resolution: {integrity: sha512-Zz+aZWSj8LE6zoxD+xrjh4VfkIG8Ya6LvYkZqtUQGJPZjYl53ypCaUwWqo7eI0x66KBGeRo+mlBEkMSeSZ38Nw==}

  undici@6.27.0:
    resolution: {integrity: sha512-YmfV3YnEDzXRC5lZ2jWtWWHKGUm1zIt8AhesR1tens+HTNv+YZlN/dp6G727LOvMJ8xjP9Be7Y2Sdr96LDm+pg==}
    engines: {node: '>=18.17'}

  undici@7.28.0:
    resolution: {integrity: sha512-cRZYrTDwWznlnRiPjggAGxZXanty6M8RV1ff8Wm4LWXBp7/IG8v5DnOm74DtUBp9OONpK75YlPnIjQqX0dBDtA==}
    engines: {node: '>=20.18.1'}

  universal-user-agent@7.0.3:
    resolution: {integrity: sha512-TmnEAEAsBJVZM/AADELsK76llnwcf9vMKuPz8JflO1frO8Lchitr0fNaN9d+Ap0BjKtqWqd/J17qeDnXh8CL2A==}

  wrap-ansi@7.0.0:
    resolution: {integrity: sha512-YVGIj2kamLSTxw6NsZjoBxfSwsn0ycdesmc4p+Q21c5zPuZ1pl+NfxVdxPtdHvmNVOQ6XSYG4AUtyt/Fi7D16Q==}
    engines: {node: '>=10'}

  y18n@5.0.8:
    resolution: {integrity: sha512-0pfFzegeDWJHJIAmTLRP2DwHjdF5s7jo9tuztdQxAhINCdvS+3nGINqPd00AphqJR/0LhANUS6/+7SCb98YOfA==}
    engines: {node: '>=10'}

  yargs-parser@21.1.1:
    resolution: {integrity: sha512-tVpsJW7DdjecAiFpbIB1e3qxIQsE6NoPc5/eTdrbbIC4h0LVsWhnoa3g+m2HclBIujHzsxZ4VJVA+GUuc2/LBw==}
    engines: {node: '>=12'}

  yargs@17.7.2:
    resolution: {integrity: sha512-7dSzzRQ++CKnNI/krKnYRV7JKKPUXMEh61soaHKg9mrWEhzFWhFnxPxGl+69cD1Ou63C13NUPCnmIcrvqCuM6w==}
    engines: {node: '>=12'}

snapshots:

  '@actions/core@3.0.0':
    dependencies:
      '@actions/exec': 3.0.0
      '@actions/http-client': 4.0.0

  '@actions/exec@3.0.0':
    dependencies:
      '@actions/io': 3.0.2

  '@actions/github@9.0.0':
    dependencies:
      '@actions/http-client': 3.0.2
      '@octokit/core': 7.0.6
      '@octokit/plugin-paginate-rest': 14.0.0(@octokit/core@7.0.6)
      '@octokit/plugin-rest-endpoint-methods': 17.0.0(@octokit/core@7.0.6)
      '@octokit/request': 10.0.7
      '@octokit/request-error': 7.1.0
      undici: 6.27.0

  '@actions/http-client@3.0.2':
    dependencies:
      tunnel: 0.0.6
      undici: 6.27.0

  '@actions/http-client@4.0.0':
    dependencies:
      tunnel: 0.0.6
      undici: 6.27.0

  '@actions/io@3.0.2': {}

  '@octokit/auth-token@6.0.0': {}

  '@octokit/core@7.0.6':
    dependencies:
      '@octokit/auth-token': 6.0.0
      '@octokit/graphql': 9.0.3
      '@octokit/request': 10.0.7
      '@octokit/request-error': 7.1.0
      '@octokit/types': 16.0.0
      before-after-hook: 4.0.0
      universal-user-agent: 7.0.3

  '@octokit/endpoint@11.0.2':
    dependencies:
      '@octokit/types': 16.0.0
      universal-user-agent: 7.0.3

  '@octokit/graphql@9.0.3':
    dependencies:
      '@octokit/request': 10.0.7
      '@octokit/types': 16.0.0
      universal-user-agent: 7.0.3

  '@octokit/openapi-types@27.0.0': {}

  '@octokit/plugin-paginate-rest@14.0.0(@octokit/core@7.0.6)':
    dependencies:
      '@octokit/core': 7.0.6
      '@octokit/types': 16.0.0

  '@octokit/plugin-rest-endpoint-methods@17.0.0(@octokit/core@7.0.6)':
    dependencies:
      '@octokit/core': 7.0.6
      '@octokit/types': 16.0.0

  '@octokit/request-error@7.1.0':
    dependencies:
      '@octokit/types': 16.0.0

  '@octokit/request@10.0.7':
    dependencies:
      '@octokit/endpoint': 11.0.2
      '@octokit/request-error': 7.1.0
      '@octokit/types': 16.0.0
      fast-content-type-parse: 3.0.0
      universal-user-agent: 7.0.3

  '@octokit/types@16.0.0':
    dependencies:
      '@octokit/openapi-types': 27.0.0

  '@oxfmt/binding-android-arm-eabi@0.67.0':
    optional: true

  '@oxfmt/binding-android-arm64@0.67.0':
    optional: true

  '@oxfmt/binding-darwin-arm64@0.67.0':
    optional: true

  '@oxfmt/binding-darwin-x64@0.67.0':
    optional: true

  '@oxfmt/binding-freebsd-x64@0.67.0':
    optional: true

  '@oxfmt/binding-linux-arm-gnueabihf@0.67.0':
    optional: true

  '@oxfmt/binding-linux-arm-musleabihf@0.67.0':
    optional: true

  '@oxfmt/binding-linux-arm64-gnu@0.67.0':
    optional: true

  '@oxfmt/binding-linux-arm64-musl@0.67.0':
    optional: true

  '@oxfmt/binding-linux-ppc64-gnu@0.67.0':
    optional: true

  '@oxfmt/binding-linux-riscv64-gnu@0.67.0':
    optional: true

  '@oxfmt/binding-linux-riscv64-musl@0.67.0':
    optional: true

  '@oxfmt/binding-linux-s390x-gnu@0.67.0':
    optional: true

  '@oxfmt/binding-linux-x64-gnu@0.67.0':
    optional: true

  '@oxfmt/binding-linux-x64-musl@0.67.0':
    optional: true

  '@oxfmt/binding-openharmony-arm64@0.67.0':
    optional: true

  '@oxfmt/binding-win32-arm64-msvc@0.67.0':
    optional: true

  '@oxfmt/binding-win32-ia32-msvc@0.67.0':
    optional: true

  '@oxfmt/binding-win32-x64-msvc@0.67.0':
    optional: true

  '@oxlint/binding-android-arm-eabi@1.82.0':
    optional: true

  '@oxlint/binding-android-arm64@1.82.0':
    optional: true

  '@oxlint/binding-darwin-arm64@1.82.0':
    optional: true

  '@oxlint/binding-darwin-x64@1.82.0':
    optional: true

  '@oxlint/binding-freebsd-x64@1.82.0':
    optional: true

  '@oxlint/binding-linux-arm-gnueabihf@1.82.0':
    optional: true

  '@oxlint/binding-linux-arm-musleabihf@1.82.0':
    optional: true

  '@oxlint/binding-linux-arm64-gnu@1.82.0':
    optional: true

  '@oxlint/binding-linux-arm64-musl@1.82.0':
    optional: true

  '@oxlint/binding-linux-ppc64-gnu@1.82.0':
    optional: true

  '@oxlint/binding-linux-riscv64-gnu@1.82.0':
    optional: true

  '@oxlint/binding-linux-riscv64-musl@1.82.0':
    optional: true

  '@oxlint/binding-linux-s390x-gnu@1.82.0':
    optional: true

  '@oxlint/binding-linux-x64-gnu@1.82.0':
    optional: true

  '@oxlint/binding-linux-x64-musl@1.82.0':
    optional: true

  '@oxlint/binding-openharmony-arm64@1.82.0':
    optional: true

  '@oxlint/binding-win32-arm64-msvc@1.82.0':
    optional: true

  '@oxlint/binding-win32-ia32-msvc@1.82.0':
    optional: true

  '@oxlint/binding-win32-x64-msvc@1.82.0':
    optional: true

  '@types/node@25.2.0':
    dependencies:
      undici-types: 7.16.0

  '@vercel/ncc@0.38.4': {}

  ansi-regex@5.0.1: {}

  ansi-styles@4.3.0:
    dependencies:
      color-convert: 2.0.1

  before-after-hook@4.0.0: {}

  chalk@4.1.2:
    dependencies:
      ansi-styles: 4.3.0
      supports-color: 7.2.0

  cliui@8.0.1:
    dependencies:
      string-width: 4.2.3
      strip-ansi: 6.0.1
      wrap-ansi: 7.0.0

  color-convert@2.0.1:
    dependencies:
      color-name: 1.1.4

  color-name@1.1.4: {}

  concurrently@9.2.3:
    dependencies:
      chalk: 4.1.2
      rxjs: 7.8.2
      shell-quote: 1.8.4
      supports-color: 8.1.1
      tree-kill: 1.2.2
      yargs: 17.7.2

  emoji-regex@8.0.0: {}

  escalade@3.2.0: {}

  fast-content-type-parse@3.0.0: {}

  get-caller-file@2.0.5: {}

  has-flag@4.0.0: {}

  is-fullwidth-code-point@3.0.0: {}

  oxfmt@0.67.0:
    dependencies:
      tinypool: 2.1.2
    optionalDependencies:
      '@oxfmt/binding-android-arm-eabi': 0.67.0
      '@oxfmt/binding-android-arm64': 0.67.0
      '@oxfmt/binding-darwin-arm64': 0.67.0
      '@oxfmt/binding-darwin-x64': 0.67.0
      '@oxfmt/binding-freebsd-x64': 0.67.0
      '@oxfmt/binding-linux-arm-gnueabihf': 0.67.0
      '@oxfmt/binding-linux-arm-musleabihf': 0.67.0
      '@oxfmt/binding-linux-arm64-gnu': 0.67.0
      '@oxfmt/binding-linux-arm64-musl': 0.67.0
      '@oxfmt/binding-linux-ppc64-gnu': 0.67.0
      '@oxfmt/binding-linux-riscv64-gnu': 0.67.0
      '@oxfmt/binding-linux-riscv64-musl': 0.67.0
      '@oxfmt/binding-linux-s390x-gnu': 0.67.0
      '@oxfmt/binding-linux-x64-gnu': 0.67.0
      '@oxfmt/binding-linux-x64-musl': 0.67.0
      '@oxfmt/binding-openharmony-arm64': 0.67.0
      '@oxfmt/binding-win32-arm64-msvc': 0.67.0
      '@oxfmt/binding-win32-ia32-msvc': 0.67.0
      '@oxfmt/binding-win32-x64-msvc': 0.67.0

  oxlint@1.82.0:
    optionalDependencies:
      '@oxlint/binding-android-arm-eabi': 1.82.0
      '@oxlint/binding-android-arm64': 1.82.0
      '@oxlint/binding-darwin-arm64': 1.82.0
      '@oxlint/binding-darwin-x64': 1.82.0
      '@oxlint/binding-freebsd-x64': 1.82.0
      '@oxlint/binding-linux-arm-gnueabihf': 1.82.0
      '@oxlint/binding-linux-arm-musleabihf': 1.82.0
      '@oxlint/binding-linux-arm64-gnu': 1.82.0
      '@oxlint/binding-linux-arm64-musl': 1.82.0
      '@oxlint/binding-linux-ppc64-gnu': 1.82.0
      '@oxlint/binding-linux-riscv64-gnu': 1.82.0
      '@oxlint/binding-linux-riscv64-musl': 1.82.0
      '@oxlint/binding-linux-s390x-gnu': 1.82.0
      '@oxlint/binding-linux-x64-gnu': 1.82.0
      '@oxlint/binding-linux-x64-musl': 1.82.0
      '@oxlint/binding-openharmony-arm64': 1.82.0
      '@oxlint/binding-win32-arm64-msvc': 1.82.0
      '@oxlint/binding-win32-ia32-msvc': 1.82.0
      '@oxlint/binding-win32-x64-msvc': 1.82.0

  require-directory@2.1.1: {}

  rxjs@7.8.2:
    dependencies:
      tslib: 2.8.1

  shell-quote@1.8.4: {}

  string-width@4.2.3:
    dependencies:
      emoji-regex: 8.0.0
      is-fullwidth-code-point: 3.0.0
      strip-ansi: 6.0.1

  strip-ansi@6.0.1:
    dependencies:
      ansi-regex: 5.0.1

  supports-color@7.2.0:
    dependencies:
      has-flag: 4.0.0

  supports-color@8.1.1:
    dependencies:
      has-flag: 4.0.0

  tinypool@2.1.2: {}

  tree-kill@1.2.2: {}

  tslib@2.8.1: {}

  tunnel@0.0.6: {}

  typescript@5.9.3: {}

  undici-types@7.16.0: {}

  undici@6.27.0: {}

  undici@7.28.0: {}

  universal-user-agent@7.0.3: {}

  wrap-ansi@7.0.0:
    dependencies:
      ansi-styles: 4.3.0
      string-width: 4.2.3
      strip-ansi: 6.0.1

  y18n@5.0.8: {}

  yargs-parser@21.1.1: {}

  yargs@17.7.2:
    dependencies:
      cliui: 8.0.1
      escalade: 3.2.0
      get-caller-file: 2.0.5
      require-directory: 2.1.1
      string-width: 4.2.3
      y18n: 5.0.8
      yargs-parser: 21.1.1
